Microsoft Visual Studio Solution File, Format Version 12.00
# Visual Studio Version 17
VisualStudioVersion = 17.5.2.0
MinimumVisualStudioVersion = 10.0.40219.1
Project("{2150E333-8FDC-42A3-9474-1A3956D46DE8}") = "backend", "backend", "{1AE8ACA6-933B-BF2A-3671-3E2EAC007D16}"
EndProject
Project("{2150E333-8FDC-42A3-9474-1A3956D46DE8}") = "src", "src", "{0F9113EE-888A-26D2-68B0-4A7D0A2A8745}"
EndProject
Project("{FAE04EC0-301F-11D3-BF4B-00C04F79EFBC}") = "SeniorsInTheMiddle.Proxy", "backend\src\SeniorsInTheMiddle.Proxy\SeniorsInTheMiddle.Proxy.csproj", "{581A3CE1-A02C-D620-CFF6-03884A06465D}"
EndProject
Project("{2150E333-8FDC-42A3-9474-1A3956D46DE8}") = "test", "test", "{C9F2D317-4826-407B-F8B2-698283998959}"
EndProject
Project("{FAE04EC0-301F-11D3-BF4B-00C04F79EFBC}") = "Backend.Tests", "backend\test\Backend.Tests\Backend.Tests.csproj", "{7EF7EC66-9583-7F2C-3559-4FCA9DFF5827}"
EndProject
Global
	GlobalSection(SolutionConfigurationPlatforms) = preSolution
		Debug|Any CPU = Debug|Any CPU
		Release|Any CPU = Release|Any CPU
	EndGlobalSection
	GlobalSection(ProjectConfigurationPlatforms) = postSolution
		{581A3CE1-A02C-D620-CFF6-03884A06465D}.Debug|Any CPU.ActiveCfg = Debug|Any CPU
		{581A3CE1-A02C-D620-CFF6-03884A06465D}.Debug|Any CPU.Build.0 = Debug|Any CPU
		{581A3CE1-A02C-D620-CFF6-03884A06465D}.Release|Any CPU.ActiveCfg = Release|Any CPU
		{581A3CE1-A02C-D620-CFF6-03884A06465D}.Release|Any CPU.Build.0 = Release|Any CPU
		{7EF7EC66-9583-7F2C-3559-4FCA9DFF5827}.Debug|Any CPU.ActiveCfg = Debug|Any CPU
		{7EF7EC66-9583-7F2C-3559-4FCA9DFF5827}.Debug|Any CPU.Build.0 = Debug|Any CPU
		{7EF7EC66-9583-7F2C-3559-4FCA9DFF5827}.Release|Any CPU.ActiveCfg = Release|Any CPU
		{7EF7EC66-9583-7F2C-3559-4FCA9DFF5827}.Release|Any CPU.Build.0 = Release|Any CPU
	EndGlobalSection
	GlobalSection(SolutionProperties) = preSolution
		HideSolutionNode = FALSE
	EndGlobalSection
	GlobalSection(NestedProjects) = preSolution
		{0F9113EE-888A-26D2-68B0-4A7D0A2A8745} = {1AE8ACA6-933B-BF2A-3671-3E2EAC007D16}
		{581A3CE1-A02C-D620-CFF6-03884A06465D} = {0F9113EE-888A-26D2-68B0-4A7D0A2A8745}
		{C9F2D317-4826-407B-F8B2-698283998959} = {1AE8ACA6-933B-BF2A-3671-3E2EAC007D16}
		{7EF7EC66-9583-7F2C-3559-4FCA9DFF5827} = {C9F2D317-4826-407B-F8B2-698283998959}
	EndGlobalSection
	GlobalSection(ExtensibilityGlobals) = postSolution
		SolutionGuid = {C8B17499-8BF0-4623-AE14-E7E9E8E8444E}
	EndGlobalSection
EndGlobal
