<Solution>
  <Folder Name="/shared/">
    <File Path=".dockerignore" />
    <File Path=".editorconfig" />
    <File Path=".gitignore" />
    <File Path="Dockerfile" />
    <File Path="global.json" />
  </Folder>
  <Project Path="src/SeniorsInTheMiddle.Proxy/SeniorsInTheMiddle.Proxy.csproj" />
  <Project Path="test/Backend.Tests/Backend.Tests.csproj" />
</Solution>
